
Microsoft Visual Studio Solution File, Format Version 12.00
# Visual Studio Version 16
VisualStudioVersion = 16.0.29009.5
MinimumVisualStudioVersion = 10.0.40219.1
Project("{FAE04EC0-301F-11D3-BF4B-00C04F79EFBC}") = "GGSQL", "GGSQL\GGSQL.csproj", "{20ABA4E8-7B63-437C-8864-A0FF7A6B0B50}"
EndProject
Global
	GlobalSection(SolutionConfigurationPlatforms) = preSolution
		Debug|Any CPU = Debug|Any CPU
		Release|Any CPU = Release|Any CPU
	EndGlobalSection
	GlobalSection(ProjectConfigurationPlatforms) = postSolution
		{20ABA4E8-7B63-437C-8864-A0FF7A6B0B50}.Debug|Any CPU.ActiveCfg = Debug|Any CPU
		{20ABA4E8-7B63-437C-8864-A0FF7A6B0B50}.Debug|Any CPU.Build.0 = Debug|Any CPU
		{20ABA4E8-7B63-437C-8864-A0FF7A6B0B50}.Release|Any CPU.ActiveCfg = Release|Any CPU
		{20ABA4E8-7B63-437C-8864-A0FF7A6B0B50}.Release|Any CPU.Build.0 = Release|Any CPU
	EndGlobalSection
	GlobalSection(SolutionProperties) = preSolution
		HideSolutionNode = FALSE
	EndGlobalSection
	GlobalSection(ExtensibilityGlobals) = postSolution
		SolutionGuid = {7D0C7610-B01B-42C0-BA97-48394F0E92D3}
	EndGlobalSection
EndGlobal
